
Microsoft Visual Studio Solution File, Format Version 12.00
# Visual Studio Version 17
VisualStudioVersion = 17.9.34607.119
MinimumVisualStudioVersion = 10.0.40219.1
Project("{FAE04EC0-301F-11D3-BF4B-00C04F79EFBC}") = "Condicionales", "Condicionales\Condicionales.csproj", "{D878D136-0757-4B97-94F7-8A615931CD4C}"
EndProject
Global
	GlobalSection(SolutionConfigurationPlatforms) = preSolution
		Debug|Any CPU = Debug|Any CPU
		Release|Any CPU = Release|Any CPU
	EndGlobalSection
	GlobalSection(ProjectConfigurationPlatforms) = postSolution
		{D878D136-0757-4B97-94F7-8A615931CD4C}.Debug|Any CPU.ActiveCfg = Debug|Any CPU
		{D878D136-0757-4B97-94F7-8A615931CD4C}.Debug|Any CPU.Build.0 = Debug|Any CPU
		{D878D136-0757-4B97-94F7-8A615931CD4C}.Release|Any CPU.ActiveCfg = Release|Any CPU
		{D878D136-0757-4B97-94F7-8A615931CD4C}.Release|Any CPU.Build.0 = Release|Any CPU
	EndGlobalSection
	GlobalSection(SolutionProperties) = preSolution
		HideSolutionNode = FALSE
	EndGlobalSection
	GlobalSection(ExtensibilityGlobals) = postSolution
		SolutionGuid = {14C3D104-BEB8-4E6E-BC8F-4A967B36F81B}
	EndGlobalSection
EndGlobal
