
Microsoft Visual Studio Solution File, Format Version 12.00
# Visual Studio Version 17
VisualStudioVersion = 17.9.34607.119
MinimumVisualStudioVersion = 10.0.40219.1
Project("{FAE04EC0-301F-11D3-BF4B-00C04F79EFBC}") = "tarea3", "tarea3\tarea3.csproj", "{AA0CBA62-33F4-44D2-9FD1-51FBFDA1E895}"
EndProject
Global
	GlobalSection(SolutionConfigurationPlatforms) = preSolution
		Debug|Any CPU = Debug|Any CPU
		Release|Any CPU = Release|Any CPU
	EndGlobalSection
	GlobalSection(ProjectConfigurationPlatforms) = postSolution
		{AA0CBA62-33F4-44D2-9FD1-51FBFDA1E895}.Debug|Any CPU.ActiveCfg = Debug|Any CPU
		{AA0CBA62-33F4-44D2-9FD1-51FBFDA1E895}.Debug|Any CPU.Build.0 = Debug|Any CPU
		{AA0CBA62-33F4-44D2-9FD1-51FBFDA1E895}.Release|Any CPU.ActiveCfg = Release|Any CPU
		{AA0CBA62-33F4-44D2-9FD1-51FBFDA1E895}.Release|Any CPU.Build.0 = Release|Any CPU
	EndGlobalSection
	GlobalSection(SolutionProperties) = preSolution
		HideSolutionNode = FALSE
	EndGlobalSection
	GlobalSection(ExtensibilityGlobals) = postSolution
		SolutionGuid = {C329F52F-5526-432C-8AA2-C44D6DD74997}
	EndGlobalSection
EndGlobal
