
Microsoft Visual Studio Solution File, Format Version 12.00
# Visual Studio Version 17
VisualStudioVersion = 17.9.34607.119
MinimumVisualStudioVersion = 10.0.40219.1
Project("{FAE04EC0-301F-11D3-BF4B-00C04F79EFBC}") = "TAREA2", "TAREA2\TAREA2.csproj", "{F91DF49E-306A-4C67-BE47-E6D9AB4375CC}"
EndProject
Global
	GlobalSection(SolutionConfigurationPlatforms) = preSolution
		Debug|Any CPU = Debug|Any CPU
		Release|Any CPU = Release|Any CPU
	EndGlobalSection
	GlobalSection(ProjectConfigurationPlatforms) = postSolution
		{F91DF49E-306A-4C67-BE47-E6D9AB4375CC}.Debug|Any CPU.ActiveCfg = Debug|Any CPU
		{F91DF49E-306A-4C67-BE47-E6D9AB4375CC}.Debug|Any CPU.Build.0 = Debug|Any CPU
		{F91DF49E-306A-4C67-BE47-E6D9AB4375CC}.Release|Any CPU.ActiveCfg = Release|Any CPU
		{F91DF49E-306A-4C67-BE47-E6D9AB4375CC}.Release|Any CPU.Build.0 = Release|Any CPU
	EndGlobalSection
	GlobalSection(SolutionProperties) = preSolution
		HideSolutionNode = FALSE
	EndGlobalSection
	GlobalSection(ExtensibilityGlobals) = postSolution
		SolutionGuid = {749B8D46-DFA8-4674-8030-5E224F256C0B}
	EndGlobalSection
EndGlobal
